
Microsoft Visual Studio Solution File, Format Version 12.00
# Visual Studio 2013
VisualStudioVersion = 12.0.31101.0
MinimumVisualStudioVersion = 10.0.40219.1
Project("{FAE04EC0-301F-11D3-BF4B-00C04F79EFBC}") = "BusinessEntiies", "BusinessEntiies\BusinessEntiies.csproj", "{1E636EB6-CE41-4023-9A17-E2642C216AE4}"
EndProject
Project("{FAE04EC0-301F-11D3-BF4B-00C04F79EFBC}") = "BusinessObject.UnitTest", "BusinessObject.UnitTest\BusinessObject.UnitTest.csproj", "{9A7E7C23-D84A-4ED6-9CD0-A6E4C3138825}"
EndProject
Project("{FAE04EC0-301F-11D3-BF4B-00C04F79EFBC}") = "ConsoleTesting", "ConsoleTesting\ConsoleTesting.csproj", "{46FDA4ED-7556-4B67-AF9A-F3A30E1A95A7}"
EndProject
Project("{FAE04EC0-301F-11D3-BF4B-00C04F79EFBC}") = "DataAccessObject", "DataAccessObject\DataAccessObject.csproj", "{B2FD47F8-E80B-4614-9D6B-3FD80AB822BC}"
EndProject
Project("{FAE04EC0-301F-11D3-BF4B-00C04F79EFBC}") = "IronFramework.Utility", "IronFramework.Utility\IronFramework.Utility.csproj", "{62CF1348-51E3-492D-90C6-50DC266D50FA}"
EndProject
Project("{2150E333-8FDC-42A3-9474-1A3956D46DE8}") = "BusinessEntities", "BusinessEntities", "{4D217B98-7791-4014-B790-19CB15DBD19B}"
EndProject
Project("{2150E333-8FDC-42A3-9474-1A3956D46DE8}") = "DataAccess", "DataAccess", "{A09A19D0-F38D-4AD2-9AC1-4D33A10FD5CC}"
EndProject
Project("{2150E333-8FDC-42A3-9474-1A3956D46DE8}") = "Testing", "Testing", "{BC96E421-2DB7-4765-A733-B4B8797B0D66}"
EndProject
Project("{2150E333-8FDC-42A3-9474-1A3956D46DE8}") = "Common", "Common", "{BD666065-BBBD-40FD-9D61-2A82918BDBE0}"
EndProject
Project("{2150E333-8FDC-42A3-9474-1A3956D46DE8}") = "Solution Items", "Solution Items", "{C2DB4497-49E9-4EEC-B72D-E1C111395C4F}"
	ProjectSection(SolutionItems) = preProject
		DBScripts.sql = DBScripts.sql
		Readme.txt = Readme.txt
	EndProjectSection
EndProject
Project("{FAE04EC0-301F-11D3-BF4B-00C04F79EFBC}") = "BusniessLogicObject", "BusniessLogic\BusniessLogicObject.csproj", "{BD859733-E8B9-40DA-8623-FC9670F282F4}"
EndProject
Project("{2150E333-8FDC-42A3-9474-1A3956D46DE8}") = "BusniessObject", "BusniessObject", "{2D7724D3-78A7-44C8-B5E9-10C691CB8F3A}"
EndProject
Project("{2150E333-8FDC-42A3-9474-1A3956D46DE8}") = ".nuget", ".nuget", "{6B9BB5B9-6092-48C8-9456-FA847A27E6E7}"
	ProjectSection(SolutionItems) = preProject
		.nuget\NuGet.Config = .nuget\NuGet.Config
		.nuget\NuGet.exe = .nuget\NuGet.exe
		.nuget\NuGet.targets = .nuget\NuGet.targets
	EndProjectSection
EndProject
Global
	GlobalSection(SolutionConfigurationPlatforms) = preSolution
		Debug|Any CPU = Debug|Any CPU
		Release|Any CPU = Release|Any CPU
	EndGlobalSection
	GlobalSection(ProjectConfigurationPlatforms) = postSolution
		{1E636EB6-CE41-4023-9A17-E2642C216AE4}.Debug|Any CPU.ActiveCfg = Debug|Any CPU
		{1E636EB6-CE41-4023-9A17-E2642C216AE4}.Debug|Any CPU.Build.0 = Debug|Any CPU
		{1E636EB6-CE41-4023-9A17-E2642C216AE4}.Release|Any CPU.ActiveCfg = Release|Any CPU
		{1E636EB6-CE41-4023-9A17-E2642C216AE4}.Release|Any CPU.Build.0 = Release|Any CPU
		{9A7E7C23-D84A-4ED6-9CD0-A6E4C3138825}.Debug|Any CPU.ActiveCfg = Debug|Any CPU
		{9A7E7C23-D84A-4ED6-9CD0-A6E4C3138825}.Debug|Any CPU.Build.0 = Debug|Any CPU
		{9A7E7C23-D84A-4ED6-9CD0-A6E4C3138825}.Release|Any CPU.ActiveCfg = Release|Any CPU
		{9A7E7C23-D84A-4ED6-9CD0-A6E4C3138825}.Release|Any CPU.Build.0 = Release|Any CPU
		{46FDA4ED-7556-4B67-AF9A-F3A30E1A95A7}.Debug|Any CPU.ActiveCfg = Debug|Any CPU
		{46FDA4ED-7556-4B67-AF9A-F3A30E1A95A7}.Debug|Any CPU.Build.0 = Debug|Any CPU
		{46FDA4ED-7556-4B67-AF9A-F3A30E1A95A7}.Release|Any CPU.ActiveCfg = Release|Any CPU
		{46FDA4ED-7556-4B67-AF9A-F3A30E1A95A7}.Release|Any CPU.Build.0 = Release|Any CPU
		{B2FD47F8-E80B-4614-9D6B-3FD80AB822BC}.Debug|Any CPU.ActiveCfg = Debug|Any CPU
		{B2FD47F8-E80B-4614-9D6B-3FD80AB822BC}.Debug|Any CPU.Build.0 = Debug|Any CPU
		{B2FD47F8-E80B-4614-9D6B-3FD80AB822BC}.Release|Any CPU.ActiveCfg = Release|Any CPU
		{B2FD47F8-E80B-4614-9D6B-3FD80AB822BC}.Release|Any CPU.Build.0 = Release|Any CPU
		{62CF1348-51E3-492D-90C6-50DC266D50FA}.Debug|Any CPU.ActiveCfg = Debug|Any CPU
		{62CF1348-51E3-492D-90C6-50DC266D50FA}.Debug|Any CPU.Build.0 = Debug|Any CPU
		{62CF1348-51E3-492D-90C6-50DC266D50FA}.Release|Any CPU.ActiveCfg = Release|Any CPU
		{62CF1348-51E3-492D-90C6-50DC266D50FA}.Release|Any CPU.Build.0 = Release|Any CPU
		{BD859733-E8B9-40DA-8623-FC9670F282F4}.Debug|Any CPU.ActiveCfg = Debug|Any CPU
		{BD859733-E8B9-40DA-8623-FC9670F282F4}.Debug|Any CPU.Build.0 = Debug|Any CPU
		{BD859733-E8B9-40DA-8623-FC9670F282F4}.Release|Any CPU.ActiveCfg = Release|Any CPU
		{BD859733-E8B9-40DA-8623-FC9670F282F4}.Release|Any CPU.Build.0 = Release|Any CPU
	EndGlobalSection
	GlobalSection(SolutionProperties) = preSolution
		HideSolutionNode = FALSE
	EndGlobalSection
	GlobalSection(NestedProjects) = preSolution
		{1E636EB6-CE41-4023-9A17-E2642C216AE4} = {4D217B98-7791-4014-B790-19CB15DBD19B}
		{9A7E7C23-D84A-4ED6-9CD0-A6E4C3138825} = {BC96E421-2DB7-4765-A733-B4B8797B0D66}
		{46FDA4ED-7556-4B67-AF9A-F3A30E1A95A7} = {BC96E421-2DB7-4765-A733-B4B8797B0D66}
		{B2FD47F8-E80B-4614-9D6B-3FD80AB822BC} = {A09A19D0-F38D-4AD2-9AC1-4D33A10FD5CC}
		{62CF1348-51E3-492D-90C6-50DC266D50FA} = {BD666065-BBBD-40FD-9D61-2A82918BDBE0}
		{BD859733-E8B9-40DA-8623-FC9670F282F4} = {2D7724D3-78A7-44C8-B5E9-10C691CB8F3A}
	EndGlobalSection
EndGlobal
